// !$*UTF8*$!
{
	archiveVersion = 1;
	classes = {
	};
	objectVersion = 77;
	objects = {

/* Begin PBXBuildFile section */
		3D2CB4732DD4909D008BFBA2 /* BoutonCopier.swift in Sources */ = {isa = PBXBuildFile; fileRef = 3D2CB4722DD4909D008BFBA2 /* BoutonCopier.swift */; };
		3D2CB4752DD4952B008BFBA2 /* ChampDeNombre.swift in Sources */ = {isa = PBXBuildFile; fileRef = 3D2CB4742DD4952B008BFBA2 /* ChampDeNombre.swift */; };
		3D958BA82DCDFD38001BD5E4 /* Assets.xcassets in Resources */ = {isa = PBXBuildFile; fileRef = 3D958BA42DCDFD38001BD5E4 /* Assets.xcassets */; };
		3D958BA92DCDFD38001BD5E4 /* ContentView.swift in Sources */ = {isa = PBXBuildFile; fileRef = 3D958BA52DCDFD38001BD5E4 /* ContentView.swift */; };
		3D958BAA2DCDFD38001BD5E4 /* Torche_SemaphoreApp.swift in Sources */ = {isa = PBXBuildFile; fileRef = 3D958BA62DCDFD38001BD5E4 /* Torche_SemaphoreApp.swift */; };
		3D958BAC2DCDFD54001BD5E4 /* PageAccueil.swift in Sources */ = {isa = PBXBuildFile; fileRef = 3D958BAB2DCDFD54001BD5E4 /* PageAccueil.swift */; };
		3D958BB02DCDFE84001BD5E4 /* ChampDeTexte.swift in Sources */ = {isa = PBXBuildFile; fileRef = 3D958BAF2DCDFE84001BD5E4 /* ChampDeTexte.swift */; };
		3D958BB22DCE06CB001BD5E4 /* Bouton.swift in Sources */ = {isa = PBXBuildFile; fileRef = 3D958BB12DCE06CB001BD5E4 /* Bouton.swift */; };
		3D958BB52DCE08FD001BD5E4 /* PageAccueilVM.swift in Sources */ = {isa = PBXBuildFile; fileRef = 3D958BB42DCE08FD001BD5E4 /* PageAccueilVM.swift */; };
		3D958BB72DCE23D4001BD5E4 /* EncartInfos.swift in Sources */ = {isa = PBXBuildFile; fileRef = 3D958BB62DCE23D4001BD5E4 /* EncartInfos.swift */; };
		3D958BB92DCE2A65001BD5E4 /* PageInfos.swift in Sources */ = {isa = PBXBuildFile; fileRef = 3D958BB82DCE2A65001BD5E4 /* PageInfos.swift */; };
		3D958BBB2DCE31F0001BD5E4 /* BoutonRond.swift in Sources */ = {isa = PBXBuildFile; fileRef = 3D958BBA2DCE31F0001BD5E4 /* BoutonRond.swift */; };
/* End PBXBuildFile section */

/* Begin PBXFileReference section */
		3D2CB4722DD4909D008BFBA2 /* BoutonCopier.swift */ = {isa = PBXFileReference; lastKnownFileType = sourcecode.swift; path = BoutonCopier.swift; sourceTree = "<group>"; };
		3D2CB4742DD4952B008BFBA2 /* ChampDeNombre.swift */ = {isa = PBXFileReference; lastKnownFileType = sourcecode.swift; path = ChampDeNombre.swift; sourceTree = "<group>"; };
		3D958B962DCDFD2E001BD5E4 /* Torche Semaphore.app */ = {isa = PBXFileReference; explicitFileType = wrapper.application; includeInIndex = 0; path = "Torche Semaphore.app"; sourceTree = BUILT_PRODUCTS_DIR; };
		3D958BA42DCDFD38001BD5E4 /* Assets.xcassets */ = {isa = PBXFileReference; lastKnownFileType = folder.assetcatalog; path = Assets.xcassets; sourceTree = "<group>"; };
		3D958BA52DCDFD38001BD5E4 /* ContentView.swift */ = {isa = PBXFileReference; lastKnownFileType = sourcecode.swift; path = ContentView.swift; sourceTree = "<group>"; };
		3D958BA62DCDFD38001BD5E4 /* Torche_SemaphoreApp.swift */ = {isa = PBXFileReference; lastKnownFileType = sourcecode.swift; path = Torche_SemaphoreApp.swift; sourceTree = "<group>"; };
		3D958BAB2DCDFD54001BD5E4 /* PageAccueil.swift */ = {isa = PBXFileReference; lastKnownFileType = sourcecode.swift; path = PageAccueil.swift; sourceTree = "<group>"; };
		3D958BAF2DCDFE84001BD5E4 /* ChampDeTexte.swift */ = {isa = PBXFileReference; lastKnownFileType = sourcecode.swift; path = ChampDeTexte.swift; sourceTree = "<group>"; };
		3D958BB12DCE06CB001BD5E4 /* Bouton.swift */ = {isa = PBXFileReference; lastKnownFileType = sourcecode.swift; path = Bouton.swift; sourceTree = "<group>"; };
		3D958BB42DCE08FD001BD5E4 /* PageAccueilVM.swift */ = {isa = PBXFileReference; lastKnownFileType = sourcecode.swift; path = PageAccueilVM.swift; sourceTree = "<group>"; };
		3D958BB62DCE23D4001BD5E4 /* EncartInfos.swift */ = {isa = PBXFileReference; lastKnownFileType = sourcecode.swift; path = EncartInfos.swift; sourceTree = "<group>"; };
		3D958BB82DCE2A65001BD5E4 /* PageInfos.swift */ = {isa = PBXFileReference; lastKnownFileType = sourcecode.swift; path = PageInfos.swift; sourceTree = "<group>"; };
		3D958BBA2DCE31F0001BD5E4 /* BoutonRond.swift */ = {isa = PBXFileReference; lastKnownFileType = sourcecode.swift; path = BoutonRond.swift; sourceTree = "<group>"; };
/* End PBXFileReference section */

/* Begin PBXFrameworksBuildPhase section */
		3D958B932DCDFD2E001BD5E4 /* Frameworks */ = {
			isa = PBXFrameworksBuildPhase;
			buildActionMask = 2147483647;
			files = (
			);
			runOnlyForDeploymentPostprocessing = 0;
		};
/* End PBXFrameworksBuildPhase section */

/* Begin PBXGroup section */
		3D958B8D2DCDFD2E001BD5E4 = {
			isa = PBXGroup;
			children = (
				3D958BA72DCDFD38001BD5E4 /* Torche Semaphore */,
				3D958B972DCDFD2E001BD5E4 /* Products */,
			);
			sourceTree = "<group>";
		};
		3D958B972DCDFD2E001BD5E4 /* Products */ = {
			isa = PBXGroup;
			children = (
				3D958B962DCDFD2E001BD5E4 /* Torche Semaphore.app */,
			);
			name = Products;
			sourceTree = "<group>";
		};
		3D958BA72DCDFD38001BD5E4 /* Torche Semaphore */ = {
			isa = PBXGroup;
			children = (
				3D958BA62DCDFD38001BD5E4 /* Torche_SemaphoreApp.swift */,
				3D958BAD2DCDFE6D001BD5E4 /* Vue */,
				3D958BB32DCE08E9001BD5E4 /* VueModele */,
				3D958BA42DCDFD38001BD5E4 /* Assets.xcassets */,
			);
			path = "Torche Semaphore";
			sourceTree = "<group>";
		};
		3D958BAD2DCDFE6D001BD5E4 /* Vue */ = {
			isa = PBXGroup;
			children = (
				3D958BA52DCDFD38001BD5E4 /* ContentView.swift */,
				3D958BAB2DCDFD54001BD5E4 /* PageAccueil.swift */,
				3D958BB82DCE2A65001BD5E4 /* PageInfos.swift */,
				3D958BAE2DCDFE73001BD5E4 /* Composants */,
			);
			path = Vue;
			sourceTree = "<group>";
		};
		3D958BAE2DCDFE73001BD5E4 /* Composants */ = {
			isa = PBXGroup;
			children = (
				3D958BAF2DCDFE84001BD5E4 /* ChampDeTexte.swift */,
				3D2CB4742DD4952B008BFBA2 /* ChampDeNombre.swift */,
				3D958BB62DCE23D4001BD5E4 /* EncartInfos.swift */,
				3D958BB12DCE06CB001BD5E4 /* Bouton.swift */,
				3D2CB4722DD4909D008BFBA2 /* BoutonCopier.swift */,
				3D958BBA2DCE31F0001BD5E4 /* BoutonRond.swift */,
			);
			path = Composants;
			sourceTree = "<group>";
		};
		3D958BB32DCE08E9001BD5E4 /* VueModele */ = {
			isa = PBXGroup;
			children = (
				3D958BB42DCE08FD001BD5E4 /* PageAccueilVM.swift */,
			);
			path = VueModele;
			sourceTree = "<group>";
		};
/* End PBXGroup section */

/* Begin PBXNativeTarget section */
		3D958B952DCDFD2E001BD5E4 /* Torche Semaphore */ = {
			isa = PBXNativeTarget;
			buildConfigurationList = 3D958BA12DCDFD30001BD5E4 /* Build configuration list for PBXNativeTarget "Torche Semaphore" */;
			buildPhases = (
				3D958B922DCDFD2E001BD5E4 /* Sources */,
				3D958B932DCDFD2E001BD5E4 /* Frameworks */,
				3D958B942DCDFD2E001BD5E4 /* Resources */,
			);
			buildRules = (
			);
			dependencies = (
			);
			name = "Torche Semaphore";
			packageProductDependencies = (
			);
			productName = "Torche Semaphore";
			productReference = 3D958B962DCDFD2E001BD5E4 /* Torche Semaphore.app */;
			productType = "com.apple.product-type.application";
		};
/* End PBXNativeTarget section */

/* Begin PBXProject section */
		3D958B8E2DCDFD2E001BD5E4 /* Project object */ = {
			isa = PBXProject;
			attributes = {
				BuildIndependentTargetsInParallel = 1;
				LastSwiftUpdateCheck = 1630;
				LastUpgradeCheck = 1630;
				TargetAttributes = {
					3D958B952DCDFD2E001BD5E4 = {
						CreatedOnToolsVersion = 16.3;
					};
				};
			};
			buildConfigurationList = 3D958B912DCDFD2E001BD5E4 /* Build configuration list for PBXProject "Torche Semaphore" */;
			developmentRegion = en;
			hasScannedForEncodings = 0;
			knownRegions = (
				en,
				Base,
			);
			mainGroup = 3D958B8D2DCDFD2E001BD5E4;
			minimizedProjectReferenceProxies = 1;
			preferredProjectObjectVersion = 77;
			productRefGroup = 3D958B972DCDFD2E001BD5E4 /* Products */;
			projectDirPath = "";
			projectRoot = "";
			targets = (
				3D958B952DCDFD2E001BD5E4 /* Torche Semaphore */,
			);
		};
/* End PBXProject section */

/* Begin PBXResourcesBuildPhase section */
		3D958B942DCDFD2E001BD5E4 /* Resources */ = {
			isa = PBXResourcesBuildPhase;
			buildActionMask = 2147483647;
			files = (
				3D958BA82DCDFD38001BD5E4 /* Assets.xcassets in Resources */,
			);
			runOnlyForDeploymentPostprocessing = 0;
		};
/* End PBXResourcesBuildPhase section */

/* Begin PBXSourcesBuildPhase section */
		3D958B922DCDFD2E001BD5E4 /* Sources */ = {
			isa = PBXSourcesBuildPhase;
			buildActionMask = 2147483647;
			files = (
				3D2CB4732DD4909D008BFBA2 /* BoutonCopier.swift in Sources */,
				3D958BB52DCE08FD001BD5E4 /* PageAccueilVM.swift in Sources */,
				3D958BBB2DCE31F0001BD5E4 /* BoutonRond.swift in Sources */,
				3D958BAC2DCDFD54001BD5E4 /* PageAccueil.swift in Sources */,
				3D958BB02DCDFE84001BD5E4 /* ChampDeTexte.swift in Sources */,
				3D2CB4752DD4952B008BFBA2 /* ChampDeNombre.swift in Sources */,
				3D958BB72DCE23D4001BD5E4 /* EncartInfos.swift in Sources */,
				3D958BB22DCE06CB001BD5E4 /* Bouton.swift in Sources */,
				3D958BA92DCDFD38001BD5E4 /* ContentView.swift in Sources */,
				3D958BB92DCE2A65001BD5E4 /* PageInfos.swift in Sources */,
				3D958BAA2DCDFD38001BD5E4 /* Torche_SemaphoreApp.swift in Sources */,
			);
			runOnlyForDeploymentPostprocessing = 0;
		};
/* End PBXSourcesBuildPhase section */

/* Begin XCBuildConfiguration section */
		3D958B9F2DCDFD30001BD5E4 /* Debug */ = {
			isa = XCBuildConfiguration;
			buildSettings = {
				ALWAYS_SEARCH_USER_PATHS = NO;
				ASSETCATALOG_COMPILER_GENERATE_SWIFT_ASSET_SYMBOL_EXTENSIONS = YES;
				CLANG_ANALYZER_NONNULL = YES;
				CLANG_ANALYZER_NUMBER_OBJECT_CONVERSION = YES_AGGRESSIVE;
				CLANG_CXX_LANGUAGE_STANDARD = "gnu++20";
				CLANG_ENABLE_MODULES = YES;
				CLANG_ENABLE_OBJC_ARC = YES;
				CLANG_ENABLE_OBJC_WEAK = YES;
				CLANG_WARN_BLOCK_CAPTURE_AUTORELEASING = YES;
				CLANG_WARN_BOOL_CONVERSION = YES;
				CLANG_WARN_COMMA = YES;
				CLANG_WARN_CONSTANT_CONVERSION = YES;
				CLANG_WARN_DEPRECATED_OBJC_IMPLEMENTATIONS = YES;
				CLANG_WARN_DIRECT_OBJC_ISA_USAGE = YES_ERROR;
				CLANG_WARN_DOCUMENTATION_COMMENTS = YES;
				CLANG_WARN_EMPTY_BODY = YES;
				CLANG_WARN_ENUM_CONVERSION = YES;
				CLANG_WARN_INFINITE_RECURSION = YES;
				CLANG_WARN_INT_CONVERSION = YES;
				CLANG_WARN_NON_LITERAL_NULL_CONVERSION = YES;
				CLANG_WARN_OBJC_IMPLICIT_RETAIN_SELF = YES;
				CLANG_WARN_OBJC_LITERAL_CONVERSION = YES;
				CLANG_WARN_OBJC_ROOT_CLASS = YES_ERROR;
				CLANG_WARN_QUOTED_INCLUDE_IN_FRAMEWORK_HEADER = YES;
				CLANG_WARN_RANGE_LOOP_ANALYSIS = YES;
				CLANG_WARN_STRICT_PROTOTYPES = YES;
				CLANG_WARN_SUSPICIOUS_MOVE = YES;
				CLANG_WARN_UNGUARDED_AVAILABILITY = YES_AGGRESSIVE;
				CLANG_WARN_UNREACHABLE_CODE = YES;
				CLANG_WARN__DUPLICATE_METHOD_MATCH = YES;
				COPY_PHASE_STRIP = NO;
				DEBUG_INFORMATION_FORMAT = dwarf;
				DEVELOPMENT_TEAM = BK8PRMYFUA;
				ENABLE_STRICT_OBJC_MSGSEND = YES;
				ENABLE_TESTABILITY = YES;
				ENABLE_USER_SCRIPT_SANDBOXING = YES;
				GCC_C_LANGUAGE_STANDARD = gnu17;
				GCC_DYNAMIC_NO_PIC = NO;
				GCC_NO_COMMON_BLOCKS = YES;
				GCC_OPTIMIZATION_LEVEL = 0;
				GCC_PREPROCESSOR_DEFINITIONS = (
					"DEBUG=1",
					"$(inherited)",
				);
				GCC_WARN_64_TO_32_BIT_CONVERSION = YES;
				GCC_WARN_ABOUT_RETURN_TYPE = YES_ERROR;
				GCC_WARN_UNDECLARED_SELECTOR = YES;
				GCC_WARN_UNINITIALIZED_AUTOS = YES_AGGRESSIVE;
				GCC_WARN_UNUSED_FUNCTION = YES;
				GCC_WARN_UNUSED_VARIABLE = YES;
				IPHONEOS_DEPLOYMENT_TARGET = 18.4;
				LOCALIZATION_PREFERS_STRING_CATALOGS = YES;
				MTL_ENABLE_DEBUG_INFO = INCLUDE_SOURCE;
				MTL_FAST_MATH = YES;
				ONLY_ACTIVE_ARCH = YES;
				SDKROOT = iphoneos;
				SWIFT_ACTIVE_COMPILATION_CONDITIONS = "DEBUG $(inherited)";
				SWIFT_OPTIMIZATION_LEVEL = "-Onone";
			};
			name = Debug;
		};
		3D958BA02DCDFD30001BD5E4 /* Release */ = {
			isa = XCBuildConfiguration;
			buildSettings = {
				ALWAYS_SEARCH_USER_PATHS = NO;
				ASSETCATALOG_COMPILER_GENERATE_SWIFT_ASSET_SYMBOL_EXTENSIONS = YES;
				CLANG_ANALYZER_NONNULL = YES;
				CLANG_ANALYZER_NUMBER_OBJECT_CONVERSION = YES_AGGRESSIVE;
				CLANG_CXX_LANGUAGE_STANDARD = "gnu++20";
				CLANG_ENABLE_MODULES = YES;
				CLANG_ENABLE_OBJC_ARC = YES;
				CLANG_ENABLE_OBJC_WEAK = YES;
				CLANG_WARN_BLOCK_CAPTURE_AUTORELEASING = YES;
				CLANG_WARN_BOOL_CONVERSION = YES;
				CLANG_WARN_COMMA = YES;
				CLANG_WARN_CONSTANT_CONVERSION = YES;
				CLANG_WARN_DEPRECATED_OBJC_IMPLEMENTATIONS = YES;
				CLANG_WARN_DIRECT_OBJC_ISA_USAGE = YES_ERROR;
				CLANG_WARN_DOCUMENTATION_COMMENTS = YES;
				CLANG_WARN_EMPTY_BODY = YES;
				CLANG_WARN_ENUM_CONVERSION = YES;
				CLANG_WARN_INFINITE_RECURSION = YES;
				CLANG_WARN_INT_CONVERSION = YES;
				CLANG_WARN_NON_LITERAL_NULL_CONVERSION = YES;
				CLANG_WARN_OBJC_IMPLICIT_RETAIN_SELF = YES;
				CLANG_WARN_OBJC_LITERAL_CONVERSION = YES;
				CLANG_WARN_OBJC_ROOT_CLASS = YES_ERROR;
				CLANG_WARN_QUOTED_INCLUDE_IN_FRAMEWORK_HEADER = YES;
				CLANG_WARN_RANGE_LOOP_ANALYSIS = YES;
				CLANG_WARN_STRICT_PROTOTYPES = YES;
				CLANG_WARN_SUSPICIOUS_MOVE = YES;
				CLANG_WARN_UNGUARDED_AVAILABILITY = YES_AGGRESSIVE;
				CLANG_WARN_UNREACHABLE_CODE = YES;
				CLANG_WARN__DUPLICATE_METHOD_MATCH = YES;
				COPY_PHASE_STRIP = NO;
				DEBUG_INFORMATION_FORMAT = "dwarf-with-dsym";
				DEVELOPMENT_TEAM = BK8PRMYFUA;
				ENABLE_NS_ASSERTIONS = NO;
				ENABLE_STRICT_OBJC_MSGSEND = YES;
				ENABLE_USER_SCRIPT_SANDBOXING = YES;
				GCC_C_LANGUAGE_STANDARD = gnu17;
				GCC_NO_COMMON_BLOCKS = YES;
				GCC_WARN_64_TO_32_BIT_CONVERSION = YES;
				GCC_WARN_ABOUT_RETURN_TYPE = YES_ERROR;
				GCC_WARN_UNDECLARED_SELECTOR = YES;
				GCC_WARN_UNINITIALIZED_AUTOS = YES_AGGRESSIVE;
				GCC_WARN_UNUSED_FUNCTION = YES;
				GCC_WARN_UNUSED_VARIABLE = YES;
				IPHONEOS_DEPLOYMENT_TARGET = 18.4;
				LOCALIZATION_PREFERS_STRING_CATALOGS = YES;
				MTL_ENABLE_DEBUG_INFO = NO;
				MTL_FAST_MATH = YES;
				SDKROOT = iphoneos;
				SWIFT_COMPILATION_MODE = wholemodule;
				VALIDATE_PRODUCT = YES;
			};
			name = Release;
		};
		3D958BA22DCDFD30001BD5E4 /* Debug */ = {
			isa = XCBuildConfiguration;
			buildSettings = {
				ASSETCATALOG_COMPILER_APPICON_NAME = AppIcon;
				ASSETCATALOG_COMPILER_GLOBAL_ACCENT_COLOR_NAME = AccentColor;
				CODE_SIGN_STYLE = Automatic;
				CURRENT_PROJECT_VERSION = 3;
				DEVELOPMENT_TEAM = BK8PRMYFUA;
				ENABLE_PREVIEWS = YES;
				GENERATE_INFOPLIST_FILE = YES;
				INFOPLIST_KEY_CFBundleDisplayName = "Torche Sémaphore";
				INFOPLIST_KEY_UIApplicationSceneManifest_Generation = YES;
				INFOPLIST_KEY_UIApplicationSupportsIndirectInputEvents = YES;
				INFOPLIST_KEY_UILaunchScreen_Generation = YES;
				INFOPLIST_KEY_UISupportedInterfaceOrientations = UIInterfaceOrientationPortrait;
				INFOPLIST_KEY_UISupportedInterfaceOrientations_iPad = "UIInterfaceOrientationLandscapeLeft UIInterfaceOrientationLandscapeRight UIInterfaceOrientationPortrait UIInterfaceOrientationPortraitUpsideDown";
				IPHONEOS_DEPLOYMENT_TARGET = 17.0;
				LD_RUNPATH_SEARCH_PATHS = (
					"$(inherited)",
					"@executable_path/Frameworks",
				);
				MARKETING_VERSION = 1.0;
				PRODUCT_BUNDLE_IDENTIFIER = "com.thomaslebonnec.Torche-Semaphore";
				PRODUCT_NAME = "$(TARGET_NAME)";
				SWIFT_EMIT_LOC_STRINGS = YES;
				SWIFT_VERSION = 5.0;
				TARGETED_DEVICE_FAMILY = "1,2";
			};
			name = Debug;
		};
		3D958BA32DCDFD30001BD5E4 /* Release */ = {
			isa = XCBuildConfiguration;
			buildSettings = {
				ASSETCATALOG_COMPILER_APPICON_NAME = AppIcon;
				ASSETCATALOG_COMPILER_GLOBAL_ACCENT_COLOR_NAME = AccentColor;
				CODE_SIGN_STYLE = Automatic;
				CURRENT_PROJECT_VERSION = 3;
				DEVELOPMENT_TEAM = BK8PRMYFUA;
				ENABLE_PREVIEWS = YES;
				GENERATE_INFOPLIST_FILE = YES;
				INFOPLIST_KEY_CFBundleDisplayName = "Torche Sémaphore";
				INFOPLIST_KEY_UIApplicationSceneManifest_Generation = YES;
				INFOPLIST_KEY_UIApplicationSupportsIndirectInputEvents = YES;
				INFOPLIST_KEY_UILaunchScreen_Generation = YES;
				INFOPLIST_KEY_UISupportedInterfaceOrientations = UIInterfaceOrientationPortrait;
				INFOPLIST_KEY_UISupportedInterfaceOrientations_iPad = "UIInterfaceOrientationLandscapeLeft UIInterfaceOrientationLandscapeRight UIInterfaceOrientationPortrait UIInterfaceOrientationPortraitUpsideDown";
				IPHONEOS_DEPLOYMENT_TARGET = 17.0;
				LD_RUNPATH_SEARCH_PATHS = (
					"$(inherited)",
					"@executable_path/Frameworks",
				);
				MARKETING_VERSION = 1.0;
				PRODUCT_BUNDLE_IDENTIFIER = "com.thomaslebonnec.Torche-Semaphore";
				PRODUCT_NAME = "$(TARGET_NAME)";
				SWIFT_EMIT_LOC_STRINGS = YES;
				SWIFT_VERSION = 5.0;
				TARGETED_DEVICE_FAMILY = "1,2";
			};
			name = Release;
		};
/* End XCBuildConfiguration section */

/* Begin XCConfigurationList section */
		3D958B912DCDFD2E001BD5E4 /* Build configuration list for PBXProject "Torche Semaphore" */ = {
			isa = XCConfigurationList;
			buildConfigurations = (
				3D958B9F2DCDFD30001BD5E4 /* Debug */,
				3D958BA02DCDFD30001BD5E4 /* Release */,
			);
			defaultConfigurationIsVisible = 0;
			defaultConfigurationName = Release;
		};
		3D958BA12DCDFD30001BD5E4 /* Build configuration list for PBXNativeTarget "Torche Semaphore" */ = {
			isa = XCConfigurationList;
			buildConfigurations = (
				3D958BA22DCDFD30001BD5E4 /* Debug */,
				3D958BA32DCDFD30001BD5E4 /* Release */,
			);
			defaultConfigurationIsVisible = 0;
			defaultConfigurationName = Release;
		};
/* End XCConfigurationList section */
	};
	rootObject = 3D958B8E2DCDFD2E001BD5E4 /* Project object */;
}
